
Microsoft Visual Studio Solution File, Format Version 12.00
# Visual Studio Version 17
VisualStudioVersion = 17.5.33502.453
MinimumVisualStudioVersion = 10.0.40219.1
Project("{8BC9CEB8-8B4A-11D0-8D11-00A0C91BC942}") = "findFakeCoin", "chap1\chap1.vcxproj", "{94F8028F-F291-4D61-B720-F7B12E703426}"
EndProject
Project("{8BC9CEB8-8B4A-11D0-8D11-00A0C91BC942}") = "findNcoin", "findNcoin\findNcoin.vcxproj", "{07B153AC-63A8-4A07-B6C3-D1F1D8BE9CD3}"
EndProject
Global
	GlobalSection(SolutionConfigurationPlatforms) = preSolution
		Debug|x64 = Debug|x64
		Debug|x86 = Debug|x86
		Release|x64 = Release|x64
		Release|x86 = Release|x86
	EndGlobalSection
	GlobalSection(ProjectConfigurationPlatforms) = postSolution
		{94F8028F-F291-4D61-B720-F7B12E703426}.Debug|x64.ActiveCfg = Debug|x64
		{94F8028F-F291-4D61-B720-F7B12E703426}.Debug|x64.Build.0 = Debug|x64
		{94F8028F-F291-4D61-B720-F7B12E703426}.Debug|x86.ActiveCfg = Debug|Win32
		{94F8028F-F291-4D61-B720-F7B12E703426}.Debug|x86.Build.0 = Debug|Win32
		{94F8028F-F291-4D61-B720-F7B12E703426}.Release|x64.ActiveCfg = Release|x64
		{94F8028F-F291-4D61-B720-F7B12E703426}.Release|x64.Build.0 = Release|x64
		{94F8028F-F291-4D61-B720-F7B12E703426}.Release|x86.ActiveCfg = Release|Win32
		{94F8028F-F291-4D61-B720-F7B12E703426}.Release|x86.Build.0 = Release|Win32
		{07B153AC-63A8-4A07-B6C3-D1F1D8BE9CD3}.Debug|x64.ActiveCfg = Debug|x64
		{07B153AC-63A8-4A07-B6C3-D1F1D8BE9CD3}.Debug|x64.Build.0 = Debug|x64
		{07B153AC-63A8-4A07-B6C3-D1F1D8BE9CD3}.Debug|x86.ActiveCfg = Debug|Win32
		{07B153AC-63A8-4A07-B6C3-D1F1D8BE9CD3}.Debug|x86.Build.0 = Debug|Win32
		{07B153AC-63A8-4A07-B6C3-D1F1D8BE9CD3}.Release|x64.ActiveCfg = Release|x64
		{07B153AC-63A8-4A07-B6C3-D1F1D8BE9CD3}.Release|x64.Build.0 = Release|x64
		{07B153AC-63A8-4A07-B6C3-D1F1D8BE9CD3}.Release|x86.ActiveCfg = Release|Win32
		{07B153AC-63A8-4A07-B6C3-D1F1D8BE9CD3}.Release|x86.Build.0 = Release|Win32
	EndGlobalSection
	GlobalSection(SolutionProperties) = preSolution
		HideSolutionNode = FALSE
	EndGlobalSection
	GlobalSection(ExtensibilityGlobals) = postSolution
		SolutionGuid = {6DFA7065-7A60-4A87-8E77-D6C5DD9F472A}
	EndGlobalSection
EndGlobal
